
Microsoft Visual Studio Solution File, Format Version 12.00
# Visual Studio Version 16
VisualStudioVersion = 16.0.29609.76
MinimumVisualStudioVersion = 10.0.40219.1
Project("{9A19103F-16F7-4668-BE54-9A1E7A4F7556}") = "KnowitJulekalender1", "KnowitJulekalender1\KnowitJulekalender1.csproj", "{B68B1FC8-2E25-41B2-B9D7-BDEF913D0FD7}"
EndProject
Project("{9A19103F-16F7-4668-BE54-9A1E7A4F7556}") = "KnowitJulekalender6", "KnowitJulekalender6\KnowitJulekalender6.csproj", "{1AA46615-39FF-4C5B-A0F0-77410B556299}"
EndProject
Project("{9A19103F-16F7-4668-BE54-9A1E7A4F7556}") = "KnowitJulekalender9", "KnowitJulekalender9\KnowitJulekalender9.csproj", "{1D6F86AB-C393-4757-8EC4-E7B33D194485}"
EndProject
Project("{9A19103F-16F7-4668-BE54-9A1E7A4F7556}") = "KnowitJulekalender10", "KnowitJulekalender10\KnowitJulekalender10.csproj", "{8EA750EA-F69B-4778-8432-8EA3CC12BFB0}"
EndProject
Project("{9A19103F-16F7-4668-BE54-9A1E7A4F7556}") = "KnowitJulekalender11", "KnowitJulekalender11\KnowitJulekalender11.csproj", "{8DE16356-F886-4952-95D2-0E10C245D77D}"
EndProject
Project("{9A19103F-16F7-4668-BE54-9A1E7A4F7556}") = "KnowitJulekalender2", "KnowitJulekalender2\KnowitJulekalender2.csproj", "{7D12D29D-D87E-4E15-9F0A-372389D00C1B}"
EndProject
Project("{9A19103F-16F7-4668-BE54-9A1E7A4F7556}") = "KnowitJulekalender3", "KnowitJulekalender3\KnowitJulekalender3.csproj", "{08F1BDBF-BD01-41E5-AF56-94F19E51DBE1}"
EndProject
Project("{9A19103F-16F7-4668-BE54-9A1E7A4F7556}") = "KnowitJulekalender4", "KnowitJulekalender4\KnowitJulekalender4.csproj", "{D72ABBF5-7EA3-4F8C-BF35-C263F4DBC310}"
EndProject
Project("{9A19103F-16F7-4668-BE54-9A1E7A4F7556}") = "KnowitJulekalender5", "KnowitJulekalender5\KnowitJulekalender5.csproj", "{70DB50E1-9853-4F1C-8EF4-37349B5FF211}"
EndProject
Project("{9A19103F-16F7-4668-BE54-9A1E7A4F7556}") = "KnowitJulekalender7", "KnowitJulekalender7\KnowitJulekalender7.csproj", "{20819200-1446-4190-9C30-213495E384E3}"
EndProject
Project("{9A19103F-16F7-4668-BE54-9A1E7A4F7556}") = "KnowitJulekalender8", "KnowitJulekalender8\KnowitJulekalender8.csproj", "{1FDD4F03-98E1-49A1-AA28-274BCC0FC286}"
EndProject
Project("{FAE04EC0-301F-11D3-BF4B-00C04F79EFBC}") = "KnowitJulekalender12", "KnowitJulekalender12\KnowitJulekalender12.csproj", "{FA85076D-CD83-404A-98E6-C6095C6E8759}"
EndProject
Global
	GlobalSection(SolutionConfigurationPlatforms) = preSolution
		Debug|Any CPU = Debug|Any CPU
		Release|Any CPU = Release|Any CPU
	EndGlobalSection
	GlobalSection(ProjectConfigurationPlatforms) = postSolution
		{B68B1FC8-2E25-41B2-B9D7-BDEF913D0FD7}.Debug|Any CPU.ActiveCfg = Debug|Any CPU
		{B68B1FC8-2E25-41B2-B9D7-BDEF913D0FD7}.Debug|Any CPU.Build.0 = Debug|Any CPU
		{B68B1FC8-2E25-41B2-B9D7-BDEF913D0FD7}.Release|Any CPU.ActiveCfg = Release|Any CPU
		{B68B1FC8-2E25-41B2-B9D7-BDEF913D0FD7}.Release|Any CPU.Build.0 = Release|Any CPU
		{1AA46615-39FF-4C5B-A0F0-77410B556299}.Debug|Any CPU.ActiveCfg = Debug|Any CPU
		{1AA46615-39FF-4C5B-A0F0-77410B556299}.Debug|Any CPU.Build.0 = Debug|Any CPU
		{1AA46615-39FF-4C5B-A0F0-77410B556299}.Release|Any CPU.ActiveCfg = Release|Any CPU
		{1AA46615-39FF-4C5B-A0F0-77410B556299}.Release|Any CPU.Build.0 = Release|Any CPU
		{1D6F86AB-C393-4757-8EC4-E7B33D194485}.Debug|Any CPU.ActiveCfg = Debug|Any CPU
		{1D6F86AB-C393-4757-8EC4-E7B33D194485}.Debug|Any CPU.Build.0 = Debug|Any CPU
		{1D6F86AB-C393-4757-8EC4-E7B33D194485}.Release|Any CPU.ActiveCfg = Release|Any CPU
		{1D6F86AB-C393-4757-8EC4-E7B33D194485}.Release|Any CPU.Build.0 = Release|Any CPU
		{8EA750EA-F69B-4778-8432-8EA3CC12BFB0}.Debug|Any CPU.ActiveCfg = Debug|Any CPU
		{8EA750EA-F69B-4778-8432-8EA3CC12BFB0}.Debug|Any CPU.Build.0 = Debug|Any CPU
		{8EA750EA-F69B-4778-8432-8EA3CC12BFB0}.Release|Any CPU.ActiveCfg = Release|Any CPU
		{8EA750EA-F69B-4778-8432-8EA3CC12BFB0}.Release|Any CPU.Build.0 = Release|Any CPU
		{8DE16356-F886-4952-95D2-0E10C245D77D}.Debug|Any CPU.ActiveCfg = Debug|Any CPU
		{8DE16356-F886-4952-95D2-0E10C245D77D}.Debug|Any CPU.Build.0 = Debug|Any CPU
		{8DE16356-F886-4952-95D2-0E10C245D77D}.Release|Any CPU.ActiveCfg = Release|Any CPU
		{8DE16356-F886-4952-95D2-0E10C245D77D}.Release|Any CPU.Build.0 = Release|Any CPU
		{7D12D29D-D87E-4E15-9F0A-372389D00C1B}.Debug|Any CPU.ActiveCfg = Debug|Any CPU
		{7D12D29D-D87E-4E15-9F0A-372389D00C1B}.Debug|Any CPU.Build.0 = Debug|Any CPU
		{7D12D29D-D87E-4E15-9F0A-372389D00C1B}.Release|Any CPU.ActiveCfg = Release|Any CPU
		{7D12D29D-D87E-4E15-9F0A-372389D00C1B}.Release|Any CPU.Build.0 = Release|Any CPU
		{08F1BDBF-BD01-41E5-AF56-94F19E51DBE1}.Debug|Any CPU.ActiveCfg = Debug|Any CPU
		{08F1BDBF-BD01-41E5-AF56-94F19E51DBE1}.Debug|Any CPU.Build.0 = Debug|Any CPU
		{08F1BDBF-BD01-41E5-AF56-94F19E51DBE1}.Release|Any CPU.ActiveCfg = Release|Any CPU
		{08F1BDBF-BD01-41E5-AF56-94F19E51DBE1}.Release|Any CPU.Build.0 = Release|Any CPU
		{D72ABBF5-7EA3-4F8C-BF35-C263F4DBC310}.Debug|Any CPU.ActiveCfg = Debug|Any CPU
		{D72ABBF5-7EA3-4F8C-BF35-C263F4DBC310}.Debug|Any CPU.Build.0 = Debug|Any CPU
		{D72ABBF5-7EA3-4F8C-BF35-C263F4DBC310}.Release|Any CPU.ActiveCfg = Release|Any CPU
		{D72ABBF5-7EA3-4F8C-BF35-C263F4DBC310}.Release|Any CPU.Build.0 = Release|Any CPU
		{70DB50E1-9853-4F1C-8EF4-37349B5FF211}.Debug|Any CPU.ActiveCfg = Debug|Any CPU
		{70DB50E1-9853-4F1C-8EF4-37349B5FF211}.Debug|Any CPU.Build.0 = Debug|Any CPU
		{70DB50E1-9853-4F1C-8EF4-37349B5FF211}.Release|Any CPU.ActiveCfg = Release|Any CPU
		{70DB50E1-9853-4F1C-8EF4-37349B5FF211}.Release|Any CPU.Build.0 = Release|Any CPU
		{20819200-1446-4190-9C30-213495E384E3}.Debug|Any CPU.ActiveCfg = Debug|Any CPU
		{20819200-1446-4190-9C30-213495E384E3}.Debug|Any CPU.Build.0 = Debug|Any CPU
		{20819200-1446-4190-9C30-213495E384E3}.Release|Any CPU.ActiveCfg = Release|Any CPU
		{20819200-1446-4190-9C30-213495E384E3}.Release|Any CPU.Build.0 = Release|Any CPU
		{1FDD4F03-98E1-49A1-AA28-274BCC0FC286}.Debug|Any CPU.ActiveCfg = Debug|Any CPU
		{1FDD4F03-98E1-49A1-AA28-274BCC0FC286}.Debug|Any CPU.Build.0 = Debug|Any CPU
		{1FDD4F03-98E1-49A1-AA28-274BCC0FC286}.Release|Any CPU.ActiveCfg = Release|Any CPU
		{1FDD4F03-98E1-49A1-AA28-274BCC0FC286}.Release|Any CPU.Build.0 = Release|Any CPU
		{FA85076D-CD83-404A-98E6-C6095C6E8759}.Debug|Any CPU.ActiveCfg = Debug|Any CPU
		{FA85076D-CD83-404A-98E6-C6095C6E8759}.Debug|Any CPU.Build.0 = Debug|Any CPU
		{FA85076D-CD83-404A-98E6-C6095C6E8759}.Release|Any CPU.ActiveCfg = Release|Any CPU
		{FA85076D-CD83-404A-98E6-C6095C6E8759}.Release|Any CPU.Build.0 = Release|Any CPU
	EndGlobalSection
	GlobalSection(SolutionProperties) = preSolution
		HideSolutionNode = FALSE
	EndGlobalSection
	GlobalSection(ExtensibilityGlobals) = postSolution
		SolutionGuid = {11BE6DF4-4138-4A61-A64D-8C161B60AC95}
	EndGlobalSection
EndGlobal
